// !$*UTF8*$!
{
	archiveVersion = 1;
	classes = {
	};
	objectVersion = 50;
	objects = {

/* Begin PBXBuildFile section */
		7DC27F6623E7AF4E00FAF07C /* AppDelegate.swift in Sources */ = {isa = PBXBuildFile; fileRef = 7DC27F6523E7AF4E00FAF07C /* AppDelegate.swift */; };
		7DC27F6823E7AF4E00FAF07C /* SceneDelegate.swift in Sources */ = {isa = PBXBuildFile; fileRef = 7DC27F6723E7AF4E00FAF07C /* SceneDelegate.swift */; };
		7DC27F6A23E7AF4E00FAF07C /* ViewController.swift in Sources */ = {isa = PBXBuildFile; fileRef = 7DC27F6923E7AF4E00FAF07C /* ViewController.swift */; };
		7DC27F6D23E7AF4E00FAF07C /* Main.storyboard in Resources */ = {isa = PBXBuildFile; fileRef = 7DC27F6B23E7AF4E00FAF07C /* Main.storyboard */; };
		7DC27F6F23E7AF5200FAF07C /* Assets.xcassets in Resources */ = {isa = PBXBuildFile; fileRef = 7DC27F6E23E7AF5200FAF07C /* Assets.xcassets */; };
		7DC27F7223E7AF5200FAF07C /* LaunchScreen.storyboard in Resources */ = {isa = PBXBuildFile; fileRef = 7DC27F7023E7AF5200FAF07C /* LaunchScreen.storyboard */; };
/* End PBXBuildFile section */

/* Begin PBXFileReference section */
		7DC27F6223E7AF4E00FAF07C /* ShouldIBringMyUmbrella.app */ = {isa = PBXFileReference; explicitFileType = wrapper.application; includeInIndex = 0; path = ShouldIBringMyUmbrella.app; sourceTree = BUILT_PRODUCTS_DIR; };
		7DC27F6523E7AF4E00FAF07C /* AppDelegate.swift */ = {isa = PBXFileReference; lastKnownFileType = sourcecode.swift; path = AppDelegate.swift; sourceTree = "<group>"; };
		7DC27F6723E7AF4E00FAF07C /* SceneDelegate.swift */ = {isa = PBXFileReference; lastKnownFileType = sourcecode.swift; path = SceneDelegate.swift; sourceTree = "<group>"; };
		7DC27F6923E7AF4E00FAF07C /* ViewController.swift */ = {isa = PBXFileReference; lastKnownFileType = sourcecode.swift; path = ViewController.swift; sourceTree = "<group>"; };
		7DC27F6C23E7AF4E00FAF07C /* Base */ = {isa = PBXFileReference; lastKnownFileType = file.storyboard; name = Base; path = Base.lproj/Main.storyboard; sourceTree = "<group>"; };
		7DC27F6E23E7AF5200FAF07C /* Assets.xcassets */ = {isa = PBXFileReference; lastKnownFileType = folder.assetcatalog; path = Assets.xcassets; sourceTree = "<group>"; };
		7DC27F7123E7AF5200FAF07C /* Base */ = {isa = PBXFileReference; lastKnownFileType = file.storyboard; name = Base; path = Base.lproj/LaunchScreen.storyboard; sourceTree = "<group>"; };
		7DC27F7323E7AF5200FAF07C /* Info.plist */ = {isa = PBXFileReference; lastKnownFileType = text.plist.xml; path = Info.plist; sourceTree = "<group>"; };
/* End PBXFileReference section */

/* Begin PBXFrameworksBuildPhase section */
		7DC27F5F23E7AF4E00FAF07C /* Frameworks */ = {
			isa = PBXFrameworksBuildPhase;
			buildActionMask = 2147483647;
			files = (
			);
			runOnlyForDeploymentPostprocessing = 0;
		};
/* End PBXFrameworksBuildPhase section */

/* Begin PBXGroup section */
		7DC27F5923E7AF4E00FAF07C = {
			isa = PBXGroup;
			children = (
				7DC27F6423E7AF4E00FAF07C /* ShouldIBringMyUmbrella */,
				7DC27F6323E7AF4E00FAF07C /* Products */,
			);
			sourceTree = "<group>";
		};
		7DC27F6323E7AF4E00FAF07C /* Products */ = {
			isa = PBXGroup;
			children = (
				7DC27F6223E7AF4E00FAF07C /* ShouldIBringMyUmbrella.app */,
			);
			name = Products;
			sourceTree = "<group>";
		};
		7DC27F6423E7AF4E00FAF07C /* ShouldIBringMyUmbrella */ = {
			isa = PBXGroup;
			children = (
				7DC27F6523E7AF4E00FAF07C /* AppDelegate.swift */,
				7DC27F6723E7AF4E00FAF07C /* SceneDelegate.swift */,
				7DC27F6923E7AF4E00FAF07C /* ViewController.swift */,
				7DC27F6B23E7AF4E00FAF07C /* Main.storyboard */,
				7DC27F6E23E7AF5200FAF07C /* Assets.xcassets */,
				7DC27F7023E7AF5200FAF07C /* LaunchScreen.storyboard */,
				7DC27F7323E7AF5200FAF07C /* Info.plist */,
			);
			path = ShouldIBringMyUmbrella;
			sourceTree = "<group>";
		};
/* End PBXGroup section */

/* Begin PBXNativeTarget section */
		7DC27F6123E7AF4E00FAF07C /* ShouldIBringMyUmbrella */ = {
			isa = PBXNativeTarget;
			buildConfigurationList = 7DC27F7623E7AF5200FAF07C /* Build configuration list for PBXNativeTarget "ShouldIBringMyUmbrella" */;
			buildPhases = (
				7DC27F5E23E7AF4E00FAF07C /* Sources */,
				7DC27F5F23E7AF4E00FAF07C /* Frameworks */,
				7DC27F6023E7AF4E00FAF07C /* Resources */,
			);
			buildRules = (
			);
			dependencies = (
			);
			name = ShouldIBringMyUmbrella;
			productName = ShouldIBringMyUmbrella;
			productReference = 7DC27F6223E7AF4E00FAF07C /* ShouldIBringMyUmbrella.app */;
			productType = "com.apple.product-type.application";
		};
/* End PBXNativeTarget section */

/* Begin PBXProject section */
		7DC27F5A23E7AF4E00FAF07C /* Project object */ = {
			isa = PBXProject;
			attributes = {
				LastSwiftUpdateCheck = 1130;
				LastUpgradeCheck = 1130;
				ORGANIZATIONNAME = "Katselenbogen, Igor";
				TargetAttributes = {
					7DC27F6123E7AF4E00FAF07C = {
						CreatedOnToolsVersion = 11.3.1;
					};
				};
			};
			buildConfigurationList = 7DC27F5D23E7AF4E00FAF07C /* Build configuration list for PBXProject "ShouldIBringMyUmbrella" */;
			compatibilityVersion = "Xcode 9.3";
			developmentRegion = en;
			hasScannedForEncodings = 0;
			knownRegions = (
				en,
				Base,
			);
			mainGroup = 7DC27F5923E7AF4E00FAF07C;
			productRefGroup = 7DC27F6323E7AF4E00FAF07C /* Products */;
			projectDirPath = "";
			projectRoot = "";
			targets = (
				7DC27F6123E7AF4E00FAF07C /* ShouldIBringMyUmbrella */,
			);
		};
/* End PBXProject section */

/* Begin PBXResourcesBuildPhase section */
		7DC27F6023E7AF4E00FAF07C /* Resources */ = {
			isa = PBXResourcesBuildPhase;
			buildActionMask = 2147483647;
			files = (
				7DC27F7223E7AF5200FAF07C /* LaunchScreen.storyboard in Resources */,
				7DC27F6F23E7AF5200FAF07C /* Assets.xcassets in Resources */,
				7DC27F6D23E7AF4E00FAF07C /* Main.storyboard in Resources */,
			);
			runOnlyForDeploymentPostprocessing = 0;
		};
/* End PBXResourcesBuildPhase section */

/* Begin PBXSourcesBuildPhase section */
		7DC27F5E23E7AF4E00FAF07C /* Sources */ = {
			isa = PBXSourcesBuildPhase;
			buildActionMask = 2147483647;
			files = (
				7DC27F6A23E7AF4E00FAF07C /* ViewController.swift in Sources */,
				7DC27F6623E7AF4E00FAF07C /* AppDelegate.swift in Sources */,
				7DC27F6823E7AF4E00FAF07C /* SceneDelegate.swift in Sources */,
			);
			runOnlyForDeploymentPostprocessing = 0;
		};
/* End PBXSourcesBuildPhase section */

/* Begin PBXVariantGroup section */
		7DC27F6B23E7AF4E00FAF07C /* Main.storyboard */ = {
			isa = PBXVariantGroup;
			children = (
				7DC27F6C23E7AF4E00FAF07C /* Base */,
			);
			name = Main.storyboard;
			sourceTree = "<group>";
		};
		7DC27F7023E7AF5200FAF07C /* LaunchScreen.storyboard */ = {
			isa = PBXVariantGroup;
			children = (
				7DC27F7123E7AF5200FAF07C /* Base */,
			);
			name = LaunchScreen.storyboard;
			sourceTree = "<group>";
		};
/* End PBXVariantGroup section */

/* Begin XCBuildConfiguration section */
		7DC27F7423E7AF5200FAF07C /* Debug */ = {
			isa = XCBuildConfiguration;
			buildSettings = {
				ALWAYS_SEARCH_USER_PATHS = NO;
				CLANG_ANALYZER_NONNULL = YES;
				CLANG_ANALYZER_NUMBER_OBJECT_CONVERSION = YES_AGGRESSIVE;
				CLANG_CXX_LANGUAGE_STANDARD = "gnu++14";
				CLANG_CXX_LIBRARY = "libc++";
				CLANG_ENABLE_MODULES = YES;
				CLANG_ENABLE_OBJC_ARC = YES;
				CLANG_ENABLE_OBJC_WEAK = YES;
				CLANG_WARN_BLOCK_CAPTURE_AUTORELEASING = YES;
				CLANG_WARN_BOOL_CONVERSION = YES;
				CLANG_WARN_COMMA = YES;
				CLANG_WARN_CONSTANT_CONVERSION = YES;
				CLANG_WARN_DEPRECATED_OBJC_IMPLEMENTATIONS = YES;
				CLANG_WARN_DIRECT_OBJC_ISA_USAGE = YES_ERROR;
				CLANG_WARN_DOCUMENTATION_COMMENTS = YES;
				CLANG_WARN_EMPTY_BODY = YES;
				CLANG_WARN_ENUM_CONVERSION = YES;
				CLANG_WARN_INFINITE_RECURSION = YES;
				CLANG_WARN_INT_CONVERSION = YES;
				CLANG_WARN_NON_LITERAL_NULL_CONVERSION = YES;
				CLANG_WARN_OBJC_IMPLICIT_RETAIN_SELF = YES;
				CLANG_WARN_OBJC_LITERAL_CONVERSION = YES;
				CLANG_WARN_OBJC_ROOT_CLASS = YES_ERROR;
				CLANG_WARN_RANGE_LOOP_ANALYSIS = YES;
				CLANG_WARN_STRICT_PROTOTYPES = YES;
				CLANG_WARN_SUSPICIOUS_MOVE = YES;
				CLANG_WARN_UNGUARDED_AVAILABILITY = YES_AGGRESSIVE;
				CLANG_WARN_UNREACHABLE_CODE = YES;
				CLANG_WARN__DUPLICATE_METHOD_MATCH = YES;
				COPY_PHASE_STRIP = NO;
				DEBUG_INFORMATION_FORMAT = dwarf;
				ENABLE_STRICT_OBJC_MSGSEND = YES;
				ENABLE_TESTABILITY = YES;
				GCC_C_LANGUAGE_STANDARD = gnu11;
				GCC_DYNAMIC_NO_PIC = NO;
				GCC_NO_COMMON_BLOCKS = YES;
				GCC_OPTIMIZATION_LEVEL = 0;
				GCC_PREPROCESSOR_DEFINITIONS = (
					"DEBUG=1",
					"$(inherited)",
				);
				GCC_WARN_64_TO_32_BIT_CONVERSION = YES;
				GCC_WARN_ABOUT_RETURN_TYPE = YES_ERROR;
				GCC_WARN_UNDECLARED_SELECTOR = YES;
				GCC_WARN_UNINITIALIZED_AUTOS = YES_AGGRESSIVE;
				GCC_WARN_UNUSED_FUNCTION = YES;
				GCC_WARN_UNUSED_VARIABLE = YES;
				IPHONEOS_DEPLOYMENT_TARGET = 13.2;
				MTL_ENABLE_DEBUG_INFO = INCLUDE_SOURCE;
				MTL_FAST_MATH = YES;
				ONLY_ACTIVE_ARCH = YES;
				SDKROOT = iphoneos;
				SWIFT_ACTIVE_COMPILATION_CONDITIONS = DEBUG;
				SWIFT_OPTIMIZATION_LEVEL = "-Onone";
			};
			name = Debug;
		};
		7DC27F7523E7AF5200FAF07C /* Release */ = {
			isa = XCBuildConfiguration;
			buildSettings = {
				ALWAYS_SEARCH_USER_PATHS = NO;
				CLANG_ANALYZER_NONNULL = YES;
				CLANG_ANALYZER_NUMBER_OBJECT_CONVERSION = YES_AGGRESSIVE;
				CLANG_CXX_LANGUAGE_STANDARD = "gnu++14";
				CLANG_CXX_LIBRARY = "libc++";
				CLANG_ENABLE_MODULES = YES;
				CLANG_ENABLE_OBJC_ARC = YES;
				CLANG_ENABLE_OBJC_WEAK = YES;
				CLANG_WARN_BLOCK_CAPTURE_AUTORELEASING = YES;
				CLANG_WARN_BOOL_CONVERSION = YES;
				CLANG_WARN_COMMA = YES;
				CLANG_WARN_CONSTANT_CONVERSION = YES;
				CLANG_WARN_DEPRECATED_OBJC_IMPLEMENTATIONS = YES;
				CLANG_WARN_DIRECT_OBJC_ISA_USAGE = YES_ERROR;
				CLANG_WARN_DOCUMENTATION_COMMENTS = YES;
				CLANG_WARN_EMPTY_BODY = YES;
				CLANG_WARN_ENUM_CONVERSION = YES;
				CLANG_WARN_INFINITE_RECURSION = YES;
				CLANG_WARN_INT_CONVERSION = YES;
				CLANG_WARN_NON_LITERAL_NULL_CONVERSION = YES;
				CLANG_WARN_OBJC_IMPLICIT_RETAIN_SELF = YES;
				CLANG_WARN_OBJC_LITERAL_CONVERSION = YES;
				CLANG_WARN_OBJC_ROOT_CLASS = YES_ERROR;
				CLANG_WARN_RANGE_LOOP_ANALYSIS = YES;
				CLANG_WARN_STRICT_PROTOTYPES = YES;
				CLANG_WARN_SUSPICIOUS_MOVE = YES;
				CLANG_WARN_UNGUARDED_AVAILABILITY = YES_AGGRESSIVE;
				CLANG_WARN_UNREACHABLE_CODE = YES;
				CLANG_WARN__DUPLICATE_METHOD_MATCH = YES;
				COPY_PHASE_STRIP = NO;
				DEBUG_INFORMATION_FORMAT = "dwarf-with-dsym";
				ENABLE_NS_ASSERTIONS = NO;
				ENABLE_STRICT_OBJC_MSGSEND = YES;
				GCC_C_LANGUAGE_STANDARD = gnu11;
				GCC_NO_COMMON_BLOCKS = YES;
				GCC_WARN_64_TO_32_BIT_CONVERSION = YES;
				GCC_WARN_ABOUT_RETURN_TYPE = YES_ERROR;
				GCC_WARN_UNDECLARED_SELECTOR = YES;
				GCC_WARN_UNINITIALIZED_AUTOS = YES_AGGRESSIVE;
				GCC_WARN_UNUSED_FUNCTION = YES;
				GCC_WARN_UNUSED_VARIABLE = YES;
				IPHONEOS_DEPLOYMENT_TARGET = 13.2;
				MTL_ENABLE_DEBUG_INFO = NO;
				MTL_FAST_MATH = YES;
				SDKROOT = iphoneos;
				SWIFT_COMPILATION_MODE = wholemodule;
				SWIFT_OPTIMIZATION_LEVEL = "-O";
				VALIDATE_PRODUCT = YES;
			};
			name = Release;
		};
		7DC27F7723E7AF5200FAF07C /* Debug */ = {
			isa = XCBuildConfiguration;
			buildSettings = {
				ASSETCATALOG_COMPILER_APPICON_NAME = AppIcon;
				CODE_SIGN_STYLE = Automatic;
				DEVELOPMENT_TEAM = V4NCRG9QAS;
				INFOPLIST_FILE = ShouldIBringMyUmbrella/Info.plist;
				LD_RUNPATH_SEARCH_PATHS = (
					"$(inherited)",
					"@executable_path/Frameworks",
				);
				PRODUCT_BUNDLE_IDENTIFIER = com.igor.katselenbogen.ShouldIBringMyUmbrella;
				PRODUCT_NAME = "$(TARGET_NAME)";
				SWIFT_VERSION = 5.0;
				TARGETED_DEVICE_FAMILY = "1,2";
			};
			name = Debug;
		};
		7DC27F7823E7AF5200FAF07C /* Release */ = {
			isa = XCBuildConfiguration;
			buildSettings = {
				ASSETCATALOG_COMPILER_APPICON_NAME = AppIcon;
				CODE_SIGN_STYLE = Automatic;
				DEVELOPMENT_TEAM = V4NCRG9QAS;
				INFOPLIST_FILE = ShouldIBringMyUmbrella/Info.plist;
				LD_RUNPATH_SEARCH_PATHS = (
					"$(inherited)",
					"@executable_path/Frameworks",
				);
				PRODUCT_BUNDLE_IDENTIFIER = com.igor.katselenbogen.ShouldIBringMyUmbrella;
				PRODUCT_NAME = "$(TARGET_NAME)";
				SWIFT_VERSION = 5.0;
				TARGETED_DEVICE_FAMILY = "1,2";
			};
			name = Release;
		};
/* End XCBuildConfiguration section */

/* Begin XCConfigurationList section */
		7DC27F5D23E7AF4E00FAF07C /* Build configuration list for PBXProject "ShouldIBringMyUmbrella" */ = {
			isa = XCConfigurationList;
			buildConfigurations = (
				7DC27F7423E7AF5200FAF07C /* Debug */,
				7DC27F7523E7AF5200FAF07C /* Release */,
			);
			defaultConfigurationIsVisible = 0;
			defaultConfigurationName = Release;
		};
		7DC27F7623E7AF5200FAF07C /* Build configuration list for PBXNativeTarget "ShouldIBringMyUmbrella" */ = {
			isa = XCConfigurationList;
			buildConfigurations = (
				7DC27F7723E7AF5200FAF07C /* Debug */,
				7DC27F7823E7AF5200FAF07C /* Release */,
			);
			defaultConfigurationIsVisible = 0;
			defaultConfigurationName = Release;
		};
/* End XCConfigurationList section */
	};
	rootObject = 7DC27F5A23E7AF4E00FAF07C /* Project object */;
}
